<?xml version="1.0" encoding="utf-8"?>
<Project ToolsVersion="4.0" xmlns="http://schemas.microsoft.com/developer/msbuild/2003">
  <ItemGroup>
    <Filter Include="Source Files">
      <UniqueIdentifier>{4FC737F1-C7A5-4376-A066-2A32D752A2FF}</UniqueIdentifier>
      <Extensions>cpp;c;cc;cxx;def;odl;idl;hpj;bat;asm;asmx</Extensions>
    </Filter>
    <Filter Include="Header Files">
      <UniqueIdentifier>{93995380-89BD-4b04-88EB-625FBE52EBFB}</UniqueIdentifier>
      <Extensions>h;hh;hpp;hxx;hm;inl;inc;xsd</Extensions>
    </Filter>
    <Filter Include="Resource Files">
      <UniqueIdentifier>{67DA6AB6-F800-4c08-8B7A-83BB121AAD01}</UniqueIdentifier>
      <Extensions>rc;ico;cur;bmp;dlg;rc2;rct;bin;rgs;gif;jpg;jpeg;jpe;resx;tiff;tif;png;wav;mfcribbon-ms</Extensions>
    </Filter>
  </ItemGroup>
  <ItemGroup>
    <ClCompile Include="main.cpp">
      <Filter>Source Files</Filter>
    </ClCompile>
    <ClCompile Include="core\material.cpp">
      <Filter>Source Files</Filter>
    </ClCompile>
    <ClCompile Include="core\assets\asset.cpp">
      <Filter>Source Files</Filter>
    </ClCompile>
    <ClCompile Include="core\assets\assetdatabase.cpp">
      <Filter>Source Files</Filter>
    </ClCompile>
    <ClCompile Include="core\assets\mesh.cpp">
      <Filter>Source Files</Filter>
    </ClCompile>
    <ClCompile Include="core\assets\meshfactory.cpp">
      <Filter>Source Files</Filter>
    </ClCompile>
    <ClCompile Include="core\assets\shader.cpp">
      <Filter>Source Files</Filter>
    </ClCompile>
    <ClCompile Include="core\assets\texture.cpp">
      <Filter>Source Files</Filter>
    </ClCompile>
    <ClCompile Include="core\component.cpp">
      <Filter>Source Files</Filter>
    </ClCompile>
    <ClCompile Include="core\engine.cpp">
      <Filter>Source Files</Filter>
    </ClCompile>
    <ClCompile Include="core\gameobject.cpp">
      <Filter>Source Files</Filter>
    </ClCompile>
    <ClCompile Include="core\log.cpp">
      <Filter>Source Files</Filter>
    </ClCompile>
    <ClCompile Include="core\transform.cpp">
      <Filter>Source Files</Filter>
    </ClCompile>
    <ClCompile Include="core\components\camera.cpp">
      <Filter>Source Files</Filter>
    </ClCompile>
    <ClCompile Include="core\components\renderer.cpp">
      <Filter>Source Files</Filter>
    </ClCompile>
    <ClCompile Include="core\input.cpp">
      <Filter>Source Files</Filter>
    </ClCompile>
    <ClCompile Include="core\ui\uicomponent.cpp">
      <Filter>Source Files</Filter>
    </ClCompile>
    <ClCompile Include="core\ui\uiimage.cpp">
      <Filter>Source Files</Filter>
    </ClCompile>
    <ClCompile Include="core\ui\uitext.cpp">
      <Filter>Source Files</Filter>
    </ClCompile>
    <ClCompile Include="core\components\FPSCounter.cpp">
      <Filter>Source Files</Filter>
    </ClCompile>
    <ClCompile Include="demo\DemoCameraController.cpp">
      <Filter>Source Files</Filter>
    </ClCompile>
    <ClCompile Include="demo\DemoController.cpp">
      <Filter>Source Files</Filter>
    </ClCompile>
    <ClCompile Include="core\components\ShaderReloader.cpp">
      <Filter>Source Files</Filter>
    </ClCompile>
    <ClCompile Include="core\ShaderPass.cpp">
      <Filter>Source Files</Filter>
    </ClCompile>
    <ClCompile Include="demo\Terrain.cpp">
      <Filter>Source Files</Filter>
    </ClCompile>
    <ClCompile Include="demo\generator\TerrainGenerator.cpp">
      <Filter>Source Files</Filter>
    </ClCompile>
    <ClCompile Include="demo\UnderworldTerrain.cpp">
      <Filter>Source Files</Filter>
    </ClCompile>
  </ItemGroup>
  <ItemGroup>
    <ClInclude Include="common.h">
      <Filter>Header Files</Filter>
    </ClInclude>
    <ClInclude Include="core\material.h">
      <Filter>Header Files</Filter>
    </ClInclude>
    <ClInclude Include="core\assets\asset.h">
      <Filter>Header Files</Filter>
    </ClInclude>
    <ClInclude Include="core\assets\assetdatabase.h">
      <Filter>Header Files</Filter>
    </ClInclude>
    <ClInclude Include="core\assets\mesh.h">
      <Filter>Header Files</Filter>
    </ClInclude>
    <ClInclude Include="core\assets\meshfactory.h">
      <Filter>Header Files</Filter>
    </ClInclude>
    <ClInclude Include="core\assets\shader.h">
      <Filter>Header Files</Filter>
    </ClInclude>
    <ClInclude Include="core\assets\texture.h">
      <Filter>Header Files</Filter>
    </ClInclude>
    <ClInclude Include="core\component.h">
      <Filter>Header Files</Filter>
    </ClInclude>
    <ClInclude Include="core\engine.h">
      <Filter>Header Files</Filter>
    </ClInclude>
    <ClInclude Include="core\gameobject.h">
      <Filter>Header Files</Filter>
    </ClInclude>
    <ClInclude Include="core\log.h">
      <Filter>Header Files</Filter>
    </ClInclude>
    <ClInclude Include="core\transform.h">
      <Filter>Header Files</Filter>
    </ClInclude>
    <ClInclude Include="core\components\camera.h">
      <Filter>Header Files</Filter>
    </ClInclude>
    <ClInclude Include="core\components\renderer.h">
      <Filter>Header Files</Filter>
    </ClInclude>
    <ClInclude Include="core\input.h">
      <Filter>Header Files</Filter>
    </ClInclude>
    <ClInclude Include="core\ui\uicomponent.h">
      <Filter>Header Files</Filter>
    </ClInclude>
    <ClInclude Include="core\ui\uiimage.h">
      <Filter>Header Files</Filter>
    </ClInclude>
    <ClInclude Include="core\ui\uitext.h">
      <Filter>Header Files</Filter>
    </ClInclude>
    <ClInclude Include="core\components\FPSCounter.h">
      <Filter>Header Files</Filter>
    </ClInclude>
    <ClInclude Include="demo\DemoCameraController.h">
      <Filter>Header Files</Filter>
    </ClInclude>
    <ClInclude Include="demo\DemoController.h">
      <Filter>Header Files</Filter>
    </ClInclude>
    <ClInclude Include="core\engine_common.h">
      <Filter>Header Files</Filter>
    </ClInclude>
    <ClInclude Include="core\components\ShaderReloader.h">
      <Filter>Header Files</Filter>
    </ClInclude>
    <ClInclude Include="core\ShaderPass.h">
      <Filter>Header Files</Filter>
    </ClInclude>
    <ClInclude Include="demo\Terrain.h">
      <Filter>Header Files</Filter>
    </ClInclude>
    <ClInclude Include="demo\generator\TerrainGenerator.h">
      <Filter>Header Files</Filter>
    </ClInclude>
    <ClInclude Include="demo\UnderworldTerrain.h">
      <Filter>Header Files</Filter>
    </ClInclude>
  </ItemGroup>
  <ItemGroup>
    <Image Include="test.png">
      <Filter>Resource Files</Filter>
    </Image>
    <Image Include="resources\font.png">
      <Filter>Resource Files</Filter>
    </Image>
    <Image Include="resources\title.png">
      <Filter>Resource Files</Filter>
    </Image>
  </ItemGroup>
  <ItemGroup>
    <None Include="glsl\flat.frag.glsl" />
    <None Include="glsl\flat.vert.glsl" />
    <None Include="glsl\pennFlag.vert.glsl" />
    <None Include="glsl\pennFlag.frag.glsl" />
    <None Include="glsl\ui.frag.glsl" />
    <None Include="glsl\ui.vert.glsl" />
    <None Include="glsl\minion.vert.glsl" />
    <None Include="glsl\minion.frag.glsl" />
    <None Include="glsl\shadingPass.frag.glsl" />
    <None Include="glsl\shadingPass.vert.glsl" />
    <None Include="glsl\pass_passthrough.frag.glsl" />
    <None Include="glsl\pass_passthrough.vert.glsl" />
    <None Include="glsl\minKernel.frag.glsl" />
    <None Include="glsl\minKernel.vert.glsl" />
    <None Include="glsl\terrain.frag.glsl" />
    <None Include="glsl\terrain.vert.glsl" />
    <None Include="glsl\diffuse.frag.glsl" />
    <None Include="glsl\diffuse.vert.glsl" />
    <None Include="glsl\terrain\terrain_envelope.frag.glsl" />
    <None Include="glsl\terrain\terrain_envelope.vert.glsl" />
    <None Include="glsl\terrain\wireframe.vert.glsl" />
    <None Include="glsl\terrain\wireframe.frag.glsl" />
    <None Include="glsl\raymarched\light_pillar.frag.glsl" />
    <None Include="glsl\raymarched\light_pillar.vert.glsl" />
    <None Include="glsl\library\Raymarching.glsl" />
    <None Include="glsl\raymarched\water.frag.glsl" />
    <None Include="glsl\raymarched\water.vert.glsl" />
    <None Include="glsl\terrain\underworld.frag.glsl" />
    <None Include="glsl\terrain\underworld.vert.glsl" />
    <None Include="glsl\vignette.frag.glsl" />
    <None Include="glsl\vignette.vert.glsl" />
    <None Include="glsl\glitch.frag.glsl" />
    <None Include="glsl\glitch.vert.glsl" />
  </ItemGroup>
</Project>